Microsoft Visual Studio Solution File, Format Version 12.00
# Visual Studio Version 17
VisualStudioVersion = 17.5.2.0
MinimumVisualStudioVersion = 10.0.40219.1
Project("{2150E333-8FDC-42A3-9474-1A3956D46DE8}") = "order-management-backend", "order-management-backend", "{1F395C31-7437-0FE8-DADA-782697340B91}"
EndProject
Project("{2150E333-8FDC-42A3-9474-1A3956D46DE8}") = "shared", "shared", "{ECBD2A22-C4A3-20BE-AE91-01EADDC4C5AC}"
EndProject
Project("{FAE04EC0-301F-11D3-BF4B-00C04F79EFBC}") = "OrderManagement.Shared.Events", "order-management-backend\shared\OrderManagement.Shared.Events\OrderManagement.Shared.Events.csproj", "{F1ACB08D-2126-2DC5-9B2D-61DBF9FD277F}"
EndProject
Global
	GlobalSection(SolutionConfigurationPlatforms) = preSolution
		Debug|Any CPU = Debug|Any CPU
		Release|Any CPU = Release|Any CPU
	EndGlobalSection
	GlobalSection(ProjectConfigurationPlatforms) = postSolution
		{F1ACB08D-2126-2DC5-9B2D-61DBF9FD277F}.Debug|Any CPU.ActiveCfg = Debug|Any CPU
		{F1ACB08D-2126-2DC5-9B2D-61DBF9FD277F}.Debug|Any CPU.Build.0 = Debug|Any CPU
		{F1ACB08D-2126-2DC5-9B2D-61DBF9FD277F}.Release|Any CPU.ActiveCfg = Release|Any CPU
		{F1ACB08D-2126-2DC5-9B2D-61DBF9FD277F}.Release|Any CPU.Build.0 = Release|Any CPU
	EndGlobalSection
	GlobalSection(SolutionProperties) = preSolution
		HideSolutionNode = FALSE
	EndGlobalSection
	GlobalSection(NestedProjects) = preSolution
		{ECBD2A22-C4A3-20BE-AE91-01EADDC4C5AC} = {1F395C31-7437-0FE8-DADA-782697340B91}
		{F1ACB08D-2126-2DC5-9B2D-61DBF9FD277F} = {ECBD2A22-C4A3-20BE-AE91-01EADDC4C5AC}
	EndGlobalSection
	GlobalSection(ExtensibilityGlobals) = postSolution
		SolutionGuid = {E834B76B-CA4D-45E1-96B0-5E1D50F54CC1}
	EndGlobalSection
EndGlobal
